
Microsoft Visual Studio Solution File, Format Version 12.00
Project("{FAE04EC0-301F-11D3-BF4B-00C04F79EFBC}") = "DemoKROS", "DemoKROS\DemoKROS.csproj", "{1015F8B2-8A08-4C54-9755-9AE0F4B90D7A}"
EndProject
Global
	GlobalSection(SolutionConfigurationPlatforms) = preSolution
		Debug|Any CPU = Debug|Any CPU
		Release|Any CPU = Release|Any CPU
	EndGlobalSection
	GlobalSection(ProjectConfigurationPlatforms) = postSolution
		{1015F8B2-8A08-4C54-9755-9AE0F4B90D7A}.Debug|Any CPU.ActiveCfg = Debug|Any CPU
		{1015F8B2-8A08-4C54-9755-9AE0F4B90D7A}.Debug|Any CPU.Build.0 = Debug|Any CPU
		{1015F8B2-8A08-4C54-9755-9AE0F4B90D7A}.Release|Any CPU.ActiveCfg = Release|Any CPU
		{1015F8B2-8A08-4C54-9755-9AE0F4B90D7A}.Release|Any CPU.Build.0 = Release|Any CPU
	EndGlobalSection
EndGlobal
